
Microsoft Visual Studio Solution File, Format Version 12.00
# Visual Studio Version 16
VisualStudioVersion = 16.0.31105.61
MinimumVisualStudioVersion = 10.0.40219.1
Project("{FAE04EC0-301F-11D3-BF4B-00C04F79EFBC}") = "Animals", "Animals\Animals.csproj", "{EA946178-CBFC-45B0-941B-652486F7037D}"
EndProject
Global
	GlobalSection(SolutionConfigurationPlatforms) = preSolution
		Debug|Any CPU = Debug|Any CPU
		Release|Any CPU = Release|Any CPU
	EndGlobalSection
	GlobalSection(ProjectConfigurationPlatforms) = postSolution
		{EA946178-CBFC-45B0-941B-652486F7037D}.Debug|Any CPU.ActiveCfg = Debug|Any CPU
		{EA946178-CBFC-45B0-941B-652486F7037D}.Debug|Any CPU.Build.0 = Debug|Any CPU
		{EA946178-CBFC-45B0-941B-652486F7037D}.Release|Any CPU.ActiveCfg = Release|Any CPU
		{EA946178-CBFC-45B0-941B-652486F7037D}.Release|Any CPU.Build.0 = Release|Any CPU
	EndGlobalSection
	GlobalSection(SolutionProperties) = preSolution
		HideSolutionNode = FALSE
	EndGlobalSection
	GlobalSection(ExtensibilityGlobals) = postSolution
		SolutionGuid = {25BC7C6C-3DAD-45A1-BCBA-B40DFE7DA133}
	EndGlobalSection
EndGlobal
